
Microsoft Visual Studio Solution File, Format Version 12.00
# Visual Studio 15
VisualStudioVersion = 15.0.26124.0
MinimumVisualStudioVersion = 15.0.26124.0
Project("{FAE04EC0-301F-11D3-BF4B-00C04F79EFBC}") = "API", "API\API.csproj", "{3D97569D-1946-40EA-AAF8-0FA9700B4D88}"
EndProject
Project("{FAE04EC0-301F-11D3-BF4B-00C04F79EFBC}") = "Core", "Core\Core.csproj", "{9955C819-1B4B-4C3C-97E3-75BBB1E47FF9}"
EndProject
Project("{FAE04EC0-301F-11D3-BF4B-00C04F79EFBC}") = "Infrastructure", "Infrastructure\Infrastructure.csproj", "{F9A548E9-B4F3-47FA-B67B-A55FB6395F7E}"
EndProject
Global
	GlobalSection(SolutionConfigurationPlatforms) = preSolution
		Debug|Any CPU = Debug|Any CPU
		Debug|x64 = Debug|x64
		Debug|x86 = Debug|x86
		Release|Any CPU = Release|Any CPU
		Release|x64 = Release|x64
		Release|x86 = Release|x86
	EndGlobalSection
	GlobalSection(SolutionProperties) = preSolution
		HideSolutionNode = FALSE
	EndGlobalSection
	GlobalSection(ProjectConfigurationPlatforms) = postSolution
		{3D97569D-1946-40EA-AAF8-0FA9700B4D88}.Debug|Any CPU.ActiveCfg = Debug|Any CPU
		{3D97569D-1946-40EA-AAF8-0FA9700B4D88}.Debug|Any CPU.Build.0 = Debug|Any CPU
		{3D97569D-1946-40EA-AAF8-0FA9700B4D88}.Debug|x64.ActiveCfg = Debug|Any CPU
		{3D97569D-1946-40EA-AAF8-0FA9700B4D88}.Debug|x64.Build.0 = Debug|Any CPU
		{3D97569D-1946-40EA-AAF8-0FA9700B4D88}.Debug|x86.ActiveCfg = Debug|Any CPU
		{3D97569D-1946-40EA-AAF8-0FA9700B4D88}.Debug|x86.Build.0 = Debug|Any CPU
		{3D97569D-1946-40EA-AAF8-0FA9700B4D88}.Release|Any CPU.ActiveCfg = Release|Any CPU
		{3D97569D-1946-40EA-AAF8-0FA9700B4D88}.Release|Any CPU.Build.0 = Release|Any CPU
		{3D97569D-1946-40EA-AAF8-0FA9700B4D88}.Release|x64.ActiveCfg = Release|Any CPU
		{3D97569D-1946-40EA-AAF8-0FA9700B4D88}.Release|x64.Build.0 = Release|Any CPU
		{3D97569D-1946-40EA-AAF8-0FA9700B4D88}.Release|x86.ActiveCfg = Release|Any CPU
		{3D97569D-1946-40EA-AAF8-0FA9700B4D88}.Release|x86.Build.0 = Release|Any CPU
		{9955C819-1B4B-4C3C-97E3-75BBB1E47FF9}.Debug|Any CPU.ActiveCfg = Debug|Any CPU
		{9955C819-1B4B-4C3C-97E3-75BBB1E47FF9}.Debug|Any CPU.Build.0 = Debug|Any CPU
		{9955C819-1B4B-4C3C-97E3-75BBB1E47FF9}.Debug|x64.ActiveCfg = Debug|Any CPU
		{9955C819-1B4B-4C3C-97E3-75BBB1E47FF9}.Debug|x64.Build.0 = Debug|Any CPU
		{9955C819-1B4B-4C3C-97E3-75BBB1E47FF9}.Debug|x86.ActiveCfg = Debug|Any CPU
		{9955C819-1B4B-4C3C-97E3-75BBB1E47FF9}.Debug|x86.Build.0 = Debug|Any CPU
		{9955C819-1B4B-4C3C-97E3-75BBB1E47FF9}.Release|Any CPU.ActiveCfg = Release|Any CPU
		{9955C819-1B4B-4C3C-97E3-75BBB1E47FF9}.Release|Any CPU.Build.0 = Release|Any CPU
		{9955C819-1B4B-4C3C-97E3-75BBB1E47FF9}.Release|x64.ActiveCfg = Release|Any CPU
		{9955C819-1B4B-4C3C-97E3-75BBB1E47FF9}.Release|x64.Build.0 = Release|Any CPU
		{9955C819-1B4B-4C3C-97E3-75BBB1E47FF9}.Release|x86.ActiveCfg = Release|Any CPU
		{9955C819-1B4B-4C3C-97E3-75BBB1E47FF9}.Release|x86.Build.0 = Release|Any CPU
		{F9A548E9-B4F3-47FA-B67B-A55FB6395F7E}.Debug|Any CPU.ActiveCfg = Debug|Any CPU
		{F9A548E9-B4F3-47FA-B67B-A55FB6395F7E}.Debug|Any CPU.Build.0 = Debug|Any CPU
		{F9A548E9-B4F3-47FA-B67B-A55FB6395F7E}.Debug|x64.ActiveCfg = Debug|Any CPU
		{F9A548E9-B4F3-47FA-B67B-A55FB6395F7E}.Debug|x64.Build.0 = Debug|Any CPU
		{F9A548E9-B4F3-47FA-B67B-A55FB6395F7E}.Debug|x86.ActiveCfg = Debug|Any CPU
		{F9A548E9-B4F3-47FA-B67B-A55FB6395F7E}.Debug|x86.Build.0 = Debug|Any CPU
		{F9A548E9-B4F3-47FA-B67B-A55FB6395F7E}.Release|Any CPU.ActiveCfg = Release|Any CPU
		{F9A548E9-B4F3-47FA-B67B-A55FB6395F7E}.Release|Any CPU.Build.0 = Release|Any CPU
		{F9A548E9-B4F3-47FA-B67B-A55FB6395F7E}.Release|x64.ActiveCfg = Release|Any CPU
		{F9A548E9-B4F3-47FA-B67B-A55FB6395F7E}.Release|x64.Build.0 = Release|Any CPU
		{F9A548E9-B4F3-47FA-B67B-A55FB6395F7E}.Release|x86.ActiveCfg = Release|Any CPU
		{F9A548E9-B4F3-47FA-B67B-A55FB6395F7E}.Release|x86.Build.0 = Release|Any CPU
	EndGlobalSection
EndGlobal
